
Microsoft Visual Studio Solution File, Format Version 12.00
# Visual Studio Version 16
VisualStudioVersion = 16.0.30804.86
MinimumVisualStudioVersion = 10.0.40219.1
Project("{FAE04EC0-301F-11D3-BF4B-00C04F79EFBC}") = "VariablesC", "VariablesC\VariablesC.csproj", "{6808AC58-5F23-4B35-BA29-D22896422EC0}"
EndProject
Global
	GlobalSection(SolutionConfigurationPlatforms) = preSolution
		Debug|Any CPU = Debug|Any CPU
		Release|Any CPU = Release|Any CPU
	EndGlobalSection
	GlobalSection(ProjectConfigurationPlatforms) = postSolution
		{6808AC58-5F23-4B35-BA29-D22896422EC0}.Debug|Any CPU.ActiveCfg = Debug|Any CPU
		{6808AC58-5F23-4B35-BA29-D22896422EC0}.Debug|Any CPU.Build.0 = Debug|Any CPU
		{6808AC58-5F23-4B35-BA29-D22896422EC0}.Release|Any CPU.ActiveCfg = Release|Any CPU
		{6808AC58-5F23-4B35-BA29-D22896422EC0}.Release|Any CPU.Build.0 = Release|Any CPU
	EndGlobalSection
	GlobalSection(SolutionProperties) = preSolution
		HideSolutionNode = FALSE
	EndGlobalSection
	GlobalSection(ExtensibilityGlobals) = postSolution
		SolutionGuid = {CF39DCD5-7220-42DD-AEB9-84B814560788}
	EndGlobalSection
EndGlobal
